
Microsoft Visual Studio Solution File, Format Version 11.00
# Visual Studio 2010
Project("{FAE04EC0-301F-11D3-BF4B-00C04F79EFBC}") = "CharaterGenerator", "Assembly-CSharp.csproj", "{E91D5369-6B9B-457B-C149-A13D2034586F}"
EndProject
Project("{FAE04EC0-301F-11D3-BF4B-00C04F79EFBC}") = "CharaterGenerator", "Assembly-CSharp-Editor.csproj", "{F7FD61F9-22AE-E217-7052-54D6F7CE3756}"
EndProject
Global
	GlobalSection(SolutionConfigurationPlatforms) = preSolution
		Debug|Any CPU = Debug|Any CPU
		Release|Any CPU = Release|Any CPU
	EndGlobalSection
	GlobalSection(ProjectConfigurationPlatforms) = postSolution
		{E91D5369-6B9B-457B-C149-A13D2034586F}.Debug|Any CPU.ActiveCfg = Debug|Any CPU
		{E91D5369-6B9B-457B-C149-A13D2034586F}.Debug|Any CPU.Build.0 = Debug|Any CPU
		{E91D5369-6B9B-457B-C149-A13D2034586F}.Release|Any CPU.ActiveCfg = Release|Any CPU
		{E91D5369-6B9B-457B-C149-A13D2034586F}.Release|Any CPU.Build.0 = Release|Any CPU
		{F7FD61F9-22AE-E217-7052-54D6F7CE3756}.Debug|Any CPU.ActiveCfg = Debug|Any CPU
		{F7FD61F9-22AE-E217-7052-54D6F7CE3756}.Debug|Any CPU.Build.0 = Debug|Any CPU
		{F7FD61F9-22AE-E217-7052-54D6F7CE3756}.Release|Any CPU.ActiveCfg = Release|Any CPU
		{F7FD61F9-22AE-E217-7052-54D6F7CE3756}.Release|Any CPU.Build.0 = Release|Any CPU
	EndGlobalSection
	GlobalSection(SolutionProperties) = preSolution
		HideSolutionNode = FALSE
	EndGlobalSection
	GlobalSection(MonoDevelopProperties) = preSolution
		StartupItem = Assembly-CSharp.csproj
	EndGlobalSection
EndGlobal
